// !$*UTF8*$!
{
	archiveVersion = 1;
	classes = {
	};
	objectVersion = 51;
	objects = {

/* Begin PBXBuildFile section */
		198249C5233F258700A3244B /* AppDelegate.swift in Sources */ = {isa = PBXBuildFile; fileRef = 198249C4233F258700A3244B /* AppDelegate.swift */; };
		198249C7233F258700A3244B /* BaseViewController.swift in Sources */ = {isa = PBXBuildFile; fileRef = 198249C6233F258700A3244B /* BaseViewController.swift */; };
		198249CC233F258900A3244B /* Assets.xcassets in Resources */ = {isa = PBXBuildFile; fileRef = 198249CB233F258900A3244B /* Assets.xcassets */; };
		198249CF233F258900A3244B /* LaunchScreen.storyboard in Resources */ = {isa = PBXBuildFile; fileRef = 198249CD233F258900A3244B /* LaunchScreen.storyboard */; };
		198249E5233F258900A3244B /* Bell_Twitter_TestUITests.swift in Sources */ = {isa = PBXBuildFile; fileRef = 198249E4233F258900A3244B /* Bell_Twitter_TestUITests.swift */; };
		198249FC233F2CFF00A3244B /* Constant.swift in Sources */ = {isa = PBXBuildFile; fileRef = 198249FB233F2CFF00A3244B /* Constant.swift */; };
		19824A01233F3BA400A3244B /* APIPaths.swift in Sources */ = {isa = PBXBuildFile; fileRef = 19824A00233F3BA400A3244B /* APIPaths.swift */; };
		19824A03233F3BE500A3244B /* APIManager.swift in Sources */ = {isa = PBXBuildFile; fileRef = 19824A02233F3BE500A3244B /* APIManager.swift */; };
		19824A05233F3C8800A3244B /* TweetsResponse.swift in Sources */ = {isa = PBXBuildFile; fileRef = 19824A04233F3C8800A3244B /* TweetsResponse.swift */; };
		19824A07233F3CCC00A3244B /* Tweet.swift in Sources */ = {isa = PBXBuildFile; fileRef = 19824A06233F3CCC00A3244B /* Tweet.swift */; };
		19824A09233F3CE800A3244B /* Place.swift in Sources */ = {isa = PBXBuildFile; fileRef = 19824A08233F3CE800A3244B /* Place.swift */; };
		19824A0B233F3D2000A3244B /* BoundingBox.swift in Sources */ = {isa = PBXBuildFile; fileRef = 19824A0A233F3D2000A3244B /* BoundingBox.swift */; };
		19824A0E233F3D6800A3244B /* LocationManager.swift in Sources */ = {isa = PBXBuildFile; fileRef = 19824A0D233F3D6800A3244B /* LocationManager.swift */; };
		19824A10233F3E1A00A3244B /* Strings.swift in Sources */ = {isa = PBXBuildFile; fileRef = 19824A0F233F3E1A00A3244B /* Strings.swift */; };
		19824A12233F3E5600A3244B /* Data.swift in Sources */ = {isa = PBXBuildFile; fileRef = 19824A11233F3E5600A3244B /* Data.swift */; };
		19824A26234074B900A3244B /* TweetsProtocol.swift in Sources */ = {isa = PBXBuildFile; fileRef = 19824A25234074B900A3244B /* TweetsProtocol.swift */; };
		19824A282340770100A3244B /* UIViewController.swift in Sources */ = {isa = PBXBuildFile; fileRef = 19824A272340770100A3244B /* UIViewController.swift */; };
		19824A2A2340787600A3244B /* Localizable.swift in Sources */ = {isa = PBXBuildFile; fileRef = 19824A292340787600A3244B /* Localizable.swift */; };
		19824A2D234078CE00A3244B /* Defaults.swift in Sources */ = {isa = PBXBuildFile; fileRef = 19824A2C234078CE00A3244B /* Defaults.swift */; };
		19824A3623412E9300A3244B /* Base.storyboard in Resources */ = {isa = PBXBuildFile; fileRef = 19824A3523412E9300A3244B /* Base.storyboard */; };
		19824A382341370000A3244B /* UITableView.swift in Sources */ = {isa = PBXBuildFile; fileRef = 19824A372341370000A3244B /* UITableView.swift */; };
		19824A3F2341380600A3244B /* TweetsTableViewCell.swift in Sources */ = {isa = PBXBuildFile; fileRef = 19824A3D2341380600A3244B /* TweetsTableViewCell.swift */; };
		19824A402341380600A3244B /* TweetsTableViewCell.xib in Resources */ = {isa = PBXBuildFile; fileRef = 19824A3E2341380600A3244B /* TweetsTableViewCell.xib */; };
		19824A422341389600A3244B /* UIImageView.swift in Sources */ = {isa = PBXBuildFile; fileRef = 19824A412341389600A3244B /* UIImageView.swift */; };
		19824A44234138C300A3244B /* UIView.swift in Sources */ = {isa = PBXBuildFile; fileRef = 19824A43234138C300A3244B /* UIView.swift */; };
		19824A46234138FC00A3244B /* ConfigureCell.swift in Sources */ = {isa = PBXBuildFile; fileRef = 19824A45234138FC00A3244B /* ConfigureCell.swift */; };
		19824A4D2342084E00A3244B /* TweetsListViewTests.swift in Sources */ = {isa = PBXBuildFile; fileRef = 19824A4C2342084D00A3244B /* TweetsListViewTests.swift */; };
		19824A4F23420D9F00A3244B /* Constant.swift in Sources */ = {isa = PBXBuildFile; fileRef = 198249FB233F2CFF00A3244B /* Constant.swift */; };
		19824A5023420DB800A3244B /* TweetsResponse.swift in Sources */ = {isa = PBXBuildFile; fileRef = 19824A04233F3C8800A3244B /* TweetsResponse.swift */; };
		19824A5123420DE900A3244B /* TweetsTableViewCell.swift in Sources */ = {isa = PBXBuildFile; fileRef = 19824A3D2341380600A3244B /* TweetsTableViewCell.swift */; };
		19824A5523420E2E00A3244B /* statuses.json in Resources */ = {isa = PBXBuildFile; fileRef = 19824A5423420E2E00A3244B /* statuses.json */; };
		19824A5623420E2E00A3244B /* statuses.json in Resources */ = {isa = PBXBuildFile; fileRef = 19824A5423420E2E00A3244B /* statuses.json */; };
		19824A5723420E7000A3244B /* UIView.swift in Sources */ = {isa = PBXBuildFile; fileRef = 19824A43234138C300A3244B /* UIView.swift */; };
		19824A5823420E8200A3244B /* ConfigureCell.swift in Sources */ = {isa = PBXBuildFile; fileRef = 19824A45234138FC00A3244B /* ConfigureCell.swift */; };
		19824A5923420E8800A3244B /* Tweet.swift in Sources */ = {isa = PBXBuildFile; fileRef = 19824A06233F3CCC00A3244B /* Tweet.swift */; };
		19824A5A23420E9600A3244B /* UIImageView.swift in Sources */ = {isa = PBXBuildFile; fileRef = 19824A412341389600A3244B /* UIImageView.swift */; };
		19824A5C23420EB100A3244B /* UITableView.swift in Sources */ = {isa = PBXBuildFile; fileRef = 19824A372341370000A3244B /* UITableView.swift */; };
		19824A5D23420EBB00A3244B /* Place.swift in Sources */ = {isa = PBXBuildFile; fileRef = 19824A08233F3CE800A3244B /* Place.swift */; };
		19824A5E23420EC500A3244B /* UIViewController.swift in Sources */ = {isa = PBXBuildFile; fileRef = 19824A272340770100A3244B /* UIViewController.swift */; };
		19824A5F23420EDD00A3244B /* BoundingBox.swift in Sources */ = {isa = PBXBuildFile; fileRef = 19824A0A233F3D2000A3244B /* BoundingBox.swift */; };
		19824A6123420EEA00A3244B /* APIManager.swift in Sources */ = {isa = PBXBuildFile; fileRef = 19824A02233F3BE500A3244B /* APIManager.swift */; };
		19824A6223420EF300A3244B /* TweetsProtocol.swift in Sources */ = {isa = PBXBuildFile; fileRef = 19824A25234074B900A3244B /* TweetsProtocol.swift */; };
		19824A6323420F0000A3244B /* Strings.swift in Sources */ = {isa = PBXBuildFile; fileRef = 19824A0F233F3E1A00A3244B /* Strings.swift */; };
		19824A6423420F0500A3244B /* Defaults.swift in Sources */ = {isa = PBXBuildFile; fileRef = 19824A2C234078CE00A3244B /* Defaults.swift */; };
		19824A6523420F0A00A3244B /* LocationManager.swift in Sources */ = {isa = PBXBuildFile; fileRef = 19824A0D233F3D6800A3244B /* LocationManager.swift */; };
		19824A6623420F1200A3244B /* APIPaths.swift in Sources */ = {isa = PBXBuildFile; fileRef = 19824A00233F3BA400A3244B /* APIPaths.swift */; };
		19824A6723420F2000A3244B /* Localizable.swift in Sources */ = {isa = PBXBuildFile; fileRef = 19824A292340787600A3244B /* Localizable.swift */; };
		19824A6823420F3400A3244B /* Data.swift in Sources */ = {isa = PBXBuildFile; fileRef = 19824A11233F3E5600A3244B /* Data.swift */; };
		19824A6923420F8300A3244B /* BaseViewController.swift in Sources */ = {isa = PBXBuildFile; fileRef = 198249C6233F258700A3244B /* BaseViewController.swift */; };
		19824A6A23420F8A00A3244B /* Base.storyboard in Resources */ = {isa = PBXBuildFile; fileRef = 19824A3523412E9300A3244B /* Base.storyboard */; };
		19824A7023420FB200A3244B /* TweetsTableViewCell.xib in Resources */ = {isa = PBXBuildFile; fileRef = 19824A3E2341380600A3244B /* TweetsTableViewCell.xib */; };
		19824A73234215CF00A3244B /* TweetsMapViewTests.swift in Sources */ = {isa = PBXBuildFile; fileRef = 19824A72234215CF00A3244B /* TweetsMapViewTests.swift */; };
		19824A75234216D700A3244B /* TweetDetailsViewTests.swift in Sources */ = {isa = PBXBuildFile; fileRef = 19824A74234216D700A3244B /* TweetDetailsViewTests.swift */; };
		19D552A02346E32900B9BD58 /* TweetsMapProtocols.swift in Sources */ = {isa = PBXBuildFile; fileRef = 19D5529F2346E32900B9BD58 /* TweetsMapProtocols.swift */; };
		19D552A22346E44500B9BD58 /* TweetMapPresenter.swift in Sources */ = {isa = PBXBuildFile; fileRef = 19D552A12346E44500B9BD58 /* TweetMapPresenter.swift */; };
		19D552A42346EA6100B9BD58 /* TweetsMapInteractor.swift in Sources */ = {isa = PBXBuildFile; fileRef = 19D552A32346EA6100B9BD58 /* TweetsMapInteractor.swift */; };
		19D552A62346EC6E00B9BD58 /* TweetMapView.swift in Sources */ = {isa = PBXBuildFile; fileRef = 19D552A52346EC6E00B9BD58 /* TweetMapView.swift */; };
		19D552A82346EE9300B9BD58 /* TweetMapWireFrame.swift in Sources */ = {isa = PBXBuildFile; fileRef = 19D552A72346EE9300B9BD58 /* TweetMapWireFrame.swift */; };
		19D552AA2346EF2700B9BD58 /* TweetMap.storyboard in Resources */ = {isa = PBXBuildFile; fileRef = 19D552A92346EF2700B9BD58 /* TweetMap.storyboard */; };
		19D552D02346FE4500B9BD58 /* TweetsListProtocols.swift in Sources */ = {isa = PBXBuildFile; fileRef = 19D552CF2346FE4500B9BD58 /* TweetsListProtocols.swift */; };
		19D552D22346FF0400B9BD58 /* TweetListPresenter.swift in Sources */ = {isa = PBXBuildFile; fileRef = 19D552D12346FF0400B9BD58 /* TweetListPresenter.swift */; };
		19D552D42346FFE600B9BD58 /* TweetsListInteractor.swift in Sources */ = {isa = PBXBuildFile; fileRef = 19D552D32346FFE600B9BD58 /* TweetsListInteractor.swift */; };
		19D552D72347006900B9BD58 /* TweetList.storyboard in Resources */ = {isa = PBXBuildFile; fileRef = 19D552D52347006900B9BD58 /* TweetList.storyboard */; };
		19D552D82347006900B9BD58 /* TweetListView.swift in Sources */ = {isa = PBXBuildFile; fileRef = 19D552D62347006900B9BD58 /* TweetListView.swift */; };
		19D552DA234701CE00B9BD58 /* TweetListWireFrame.swift in Sources */ = {isa = PBXBuildFile; fileRef = 19D552D9234701CD00B9BD58 /* TweetListWireFrame.swift */; };
		19D552E72347B65300B9BD58 /* TweetsDetailsWireFrame.swift in Sources */ = {isa = PBXBuildFile; fileRef = 19D552DD2347B65300B9BD58 /* TweetsDetailsWireFrame.swift */; };
		19D552E92347B65300B9BD58 /* TweetsDetailsPresenter.swift in Sources */ = {isa = PBXBuildFile; fileRef = 19D552E12347B65300B9BD58 /* TweetsDetailsPresenter.swift */; };
		19D552EA2347B65300B9BD58 /* TweetsDetailsView.swift in Sources */ = {isa = PBXBuildFile; fileRef = 19D552E32347B65300B9BD58 /* TweetsDetailsView.swift */; };
		19D552EB2347B65300B9BD58 /* TweetsDetails.storyboard in Resources */ = {isa = PBXBuildFile; fileRef = 19D552E42347B65300B9BD58 /* TweetsDetails.storyboard */; };
		19D552EC2347B65300B9BD58 /* TweetsDetailsProtocols.swift in Sources */ = {isa = PBXBuildFile; fileRef = 19D552E62347B65300B9BD58 /* TweetsDetailsProtocols.swift */; };
		1B9EB3FB579DF74B161FC17C /* Pods_Bell_Twitter_TestTests.framework in Frameworks */ = {isa = PBXBuildFile; fileRef = DDDC7ACC9FABD030B4BCAFD9 /* Pods_Bell_Twitter_TestTests.framework */; };
		C492E95F0FC88F483F07D4B4 /* Pods_Bell_Twitter_Test.framework in Frameworks */ = {isa = PBXBuildFile; fileRef = 3406CA5593ABE91388B671CF /* Pods_Bell_Twitter_Test.framework */; };
		DD07651D811F7062FF70A499 /* Pods_Bell_Twitter_TestUITests.framework in Frameworks */ = {isa = PBXBuildFile; fileRef = C017297C790C9F1D40154C9F /* Pods_Bell_Twitter_TestUITests.framework */; };
/* End PBXBuildFile section */

/* Begin PBXContainerItemProxy section */
		198249D6233F258900A3244B /* PBXContainerItemProxy */ = {
			isa = PBXContainerItemProxy;
			containerPortal = 198249B9233F258700A3244B /* Project object */;
			proxyType = 1;
			remoteGlobalIDString = 198249C0233F258700A3244B;
			remoteInfo = "Bell-Twitter-Test";
		};
		198249E1233F258900A3244B /* PBXContainerItemProxy */ = {
			isa = PBXContainerItemProxy;
			containerPortal = 198249B9233F258700A3244B /* Project object */;
			proxyType = 1;
			remoteGlobalIDString = 198249C0233F258700A3244B;
			remoteInfo = "Bell-Twitter-Test";
		};
/* End PBXContainerItemProxy section */

/* Begin PBXFileReference section */
		198249C1233F258700A3244B /* Bell-Twitter-Test.app */ = {isa = PBXFileReference; explicitFileType = wrapper.application; includeInIndex = 0; path = "Bell-Twitter-Test.app"; sourceTree = BUILT_PRODUCTS_DIR; };
		198249C4233F258700A3244B /* AppDelegate.swift */ = {isa = PBXFileReference; lastKnownFileType = sourcecode.swift; path = AppDelegate.swift; sourceTree = "<group>"; };
		198249C6233F258700A3244B /* BaseViewController.swift */ = {isa = PBXFileReference; lastKnownFileType = sourcecode.swift; path = BaseViewController.swift; sourceTree = "<group>"; };
		198249CB233F258900A3244B /* Assets.xcassets */ = {isa = PBXFileReference; lastKnownFileType = folder.assetcatalog; path = Assets.xcassets; sourceTree = "<group>"; };
		198249CE233F258900A3244B /* Base */ = {isa = PBXFileReference; lastKnownFileType = file.storyboard; name = Base; path = Base.lproj/LaunchScreen.storyboard; sourceTree = "<group>"; };
		198249D0233F258900A3244B /* Info.plist */ = {isa = PBXFileReference; lastKnownFileType = text.plist.xml; path = Info.plist; sourceTree = "<group>"; };
		198249D5233F258900A3244B /* Bell-Twitter-TestTests.xctest */ = {isa = PBXFileReference; explicitFileType = wrapper.cfbundle; includeInIndex = 0; path = "Bell-Twitter-TestTests.xctest"; sourceTree = BUILT_PRODUCTS_DIR; };
		198249DB233F258900A3244B /* Info.plist */ = {isa = PBXFileReference; lastKnownFileType = text.plist.xml; path = Info.plist; sourceTree = "<group>"; };
		198249E0233F258900A3244B /* Bell-Twitter-TestUITests.xctest */ = {isa = PBXFileReference; explicitFileType = wrapper.cfbundle; includeInIndex = 0; path = "Bell-Twitter-TestUITests.xctest"; sourceTree = BUILT_PRODUCTS_DIR; };
		198249E4233F258900A3244B /* Bell_Twitter_TestUITests.swift */ = {isa = PBXFileReference; lastKnownFileType = sourcecode.swift; path = Bell_Twitter_TestUITests.swift; sourceTree = "<group>"; };
		198249E6233F258900A3244B /* Info.plist */ = {isa = PBXFileReference; lastKnownFileType = text.plist.xml; path = Info.plist; sourceTree = "<group>"; };
		198249FB233F2CFF00A3244B /* Constant.swift */ = {isa = PBXFileReference; lastKnownFileType = sourcecode.swift; path = Constant.swift; sourceTree = "<group>"; };
		19824A00233F3BA400A3244B /* APIPaths.swift */ = {isa = PBXFileReference; lastKnownFileType = sourcecode.swift; path = APIPaths.swift; sourceTree = "<group>"; };
		19824A02233F3BE500A3244B /* APIManager.swift */ = {isa = PBXFileReference; lastKnownFileType = sourcecode.swift; path = APIManager.swift; sourceTree = "<group>"; };
		19824A04233F3C8800A3244B /* TweetsResponse.swift */ = {isa = PBXFileReference; lastKnownFileType = sourcecode.swift; path = TweetsResponse.swift; sourceTree = "<group>"; };
		19824A06233F3CCC00A3244B /* Tweet.swift */ = {isa = PBXFileReference; lastKnownFileType = sourcecode.swift; path = Tweet.swift; sourceTree = "<group>"; };
		19824A08233F3CE800A3244B /* Place.swift */ = {isa = PBXFileReference; lastKnownFileType = sourcecode.swift; path = Place.swift; sourceTree = "<group>"; };
		19824A0A233F3D2000A3244B /* BoundingBox.swift */ = {isa = PBXFileReference; lastKnownFileType = sourcecode.swift; path = BoundingBox.swift; sourceTree = "<group>"; };
		19824A0D233F3D6800A3244B /* LocationManager.swift */ = {isa = PBXFileReference; lastKnownFileType = sourcecode.swift; path = LocationManager.swift; sourceTree = "<group>"; };
		19824A0F233F3E1A00A3244B /* Strings.swift */ = {isa = PBXFileReference; lastKnownFileType = sourcecode.swift; path = Strings.swift; sourceTree = "<group>"; };
		19824A11233F3E5600A3244B /* Data.swift */ = {isa = PBXFileReference; lastKnownFileType = sourcecode.swift; path = Data.swift; sourceTree = "<group>"; };
		19824A25234074B900A3244B /* TweetsProtocol.swift */ = {isa = PBXFileReference; lastKnownFileType = sourcecode.swift; path = TweetsProtocol.swift; sourceTree = "<group>"; };
		19824A272340770100A3244B /* UIViewController.swift */ = {isa = PBXFileReference; lastKnownFileType = sourcecode.swift; path = UIViewController.swift; sourceTree = "<group>"; };
		19824A292340787600A3244B /* Localizable.swift */ = {isa = PBXFileReference; lastKnownFileType = sourcecode.swift; path = Localizable.swift; sourceTree = "<group>"; };
		19824A2C234078CE00A3244B /* Defaults.swift */ = {isa = PBXFileReference; lastKnownFileType = sourcecode.swift; path = Defaults.swift; sourceTree = "<group>"; };
		19824A3523412E9300A3244B /* Base.storyboard */ = {isa = PBXFileReference; lastKnownFileType = file.storyboard; path = Base.storyboard; sourceTree = "<group>"; };
		19824A372341370000A3244B /* UITableView.swift */ = {isa = PBXFileReference; lastKnownFileType = sourcecode.swift; path = UITableView.swift; sourceTree = "<group>"; };
		19824A3D2341380600A3244B /* TweetsTableViewCell.swift */ = {isa = PBXFileReference; lastKnownFileType = sourcecode.swift; path = TweetsTableViewCell.swift; sourceTree = "<group>"; };
		19824A3E2341380600A3244B /* TweetsTableViewCell.xib */ = {isa = PBXFileReference; lastKnownFileType = file.xib; path = TweetsTableViewCell.xib; sourceTree = "<group>"; };
		19824A412341389600A3244B /* UIImageView.swift */ = {isa = PBXFileReference; lastKnownFileType = sourcecode.swift; path = UIImageView.swift; sourceTree = "<group>"; };
		19824A43234138C300A3244B /* UIView.swift */ = {isa = PBXFileReference; lastKnownFileType = sourcecode.swift; path = UIView.swift; sourceTree = "<group>"; };
		19824A45234138FC00A3244B /* ConfigureCell.swift */ = {isa = PBXFileReference; lastKnownFileType = sourcecode.swift; path = ConfigureCell.swift; sourceTree = "<group>"; };
		19824A4C2342084D00A3244B /* TweetsListViewTests.swift */ = {isa = PBXFileReference; lastKnownFileType = sourcecode.swift; path = TweetsListViewTests.swift; sourceTree = "<group>"; };
		19824A5423420E2E00A3244B /* statuses.json */ = {isa = PBXFileReference; fileEncoding = 4; lastKnownFileType = text.json; path = statuses.json; sourceTree = "<group>"; };
		19824A72234215CF00A3244B /* TweetsMapViewTests.swift */ = {isa = PBXFileReference; lastKnownFileType = sourcecode.swift; path = TweetsMapViewTests.swift; sourceTree = "<group>"; };
		19824A74234216D700A3244B /* TweetDetailsViewTests.swift */ = {isa = PBXFileReference; lastKnownFileType = sourcecode.swift; path = TweetDetailsViewTests.swift; sourceTree = "<group>"; };
		19D5529F2346E32900B9BD58 /* TweetsMapProtocols.swift */ = {isa = PBXFileReference; lastKnownFileType = sourcecode.swift; path = TweetsMapProtocols.swift; sourceTree = "<group>"; };
		19D552A12346E44500B9BD58 /* TweetMapPresenter.swift */ = {isa = PBXFileReference; lastKnownFileType = sourcecode.swift; path = TweetMapPresenter.swift; sourceTree = "<group>"; };
		19D552A32346EA6100B9BD58 /* TweetsMapInteractor.swift */ = {isa = PBXFileReference; lastKnownFileType = sourcecode.swift; path = TweetsMapInteractor.swift; sourceTree = "<group>"; };
		19D552A52346EC6E00B9BD58 /* TweetMapView.swift */ = {isa = PBXFileReference; lastKnownFileType = sourcecode.swift; path = TweetMapView.swift; sourceTree = "<group>"; };
		19D552A72346EE9300B9BD58 /* TweetMapWireFrame.swift */ = {isa = PBXFileReference; lastKnownFileType = sourcecode.swift; path = TweetMapWireFrame.swift; sourceTree = "<group>"; };
		19D552A92346EF2700B9BD58 /* TweetMap.storyboard */ = {isa = PBXFileReference; lastKnownFileType = file.storyboard; path = TweetMap.storyboard; sourceTree = "<group>"; };
		19D552CF2346FE4500B9BD58 /* TweetsListProtocols.swift */ = {isa = PBXFileReference; fileEncoding = 4; lastKnownFileType = sourcecode.swift; path = TweetsListProtocols.swift; sourceTree = "<group>"; };
		19D552D12346FF0400B9BD58 /* TweetListPresenter.swift */ = {isa = PBXFileReference; fileEncoding = 4; lastKnownFileType = sourcecode.swift; path = TweetListPresenter.swift; sourceTree = "<group>"; };
		19D552D32346FFE600B9BD58 /* TweetsListInteractor.swift */ = {isa = PBXFileReference; fileEncoding = 4; lastKnownFileType = sourcecode.swift; path = TweetsListInteractor.swift; sourceTree = "<group>"; };
		19D552D52347006900B9BD58 /* TweetList.storyboard */ = {isa = PBXFileReference; fileEncoding = 4; lastKnownFileType = file.storyboard; path = TweetList.storyboard; sourceTree = "<group>"; };
		19D552D62347006900B9BD58 /* TweetListView.swift */ = {isa = PBXFileReference; fileEncoding = 4; lastKnownFileType = sourcecode.swift; path = TweetListView.swift; sourceTree = "<group>"; };
		19D552D9234701CD00B9BD58 /* TweetListWireFrame.swift */ = {isa = PBXFileReference; fileEncoding = 4; lastKnownFileType = sourcecode.swift; path = TweetListWireFrame.swift; sourceTree = "<group>"; };
		19D552DD2347B65300B9BD58 /* TweetsDetailsWireFrame.swift */ = {isa = PBXFileReference; fileEncoding = 4; lastKnownFileType = sourcecode.swift; path = TweetsDetailsWireFrame.swift; sourceTree = "<group>"; };
		19D552E12347B65300B9BD58 /* TweetsDetailsPresenter.swift */ = {isa = PBXFileReference; fileEncoding = 4; lastKnownFileType = sourcecode.swift; path = TweetsDetailsPresenter.swift; sourceTree = "<group>"; };
		19D552E32347B65300B9BD58 /* TweetsDetailsView.swift */ = {isa = PBXFileReference; fileEncoding = 4; lastKnownFileType = sourcecode.swift; path = TweetsDetailsView.swift; sourceTree = "<group>"; };
		19D552E42347B65300B9BD58 /* TweetsDetails.storyboard */ = {isa = PBXFileReference; fileEncoding = 4; lastKnownFileType = file.storyboard; path = TweetsDetails.storyboard; sourceTree = "<group>"; };
		19D552E62347B65300B9BD58 /* TweetsDetailsProtocols.swift */ = {isa = PBXFileReference; fileEncoding = 4; lastKnownFileType = sourcecode.swift; path = TweetsDetailsProtocols.swift; sourceTree = "<group>"; };
		2BF302F5BEB923B86939132A /* Pods-Bell-Twitter-TestTests.debug.xcconfig */ = {isa = PBXFileReference; includeInIndex = 1; lastKnownFileType = text.xcconfig; name = "Pods-Bell-Twitter-TestTests.debug.xcconfig"; path = "Target Support Files/Pods-Bell-Twitter-TestTests/Pods-Bell-Twitter-TestTests.debug.xcconfig"; sourceTree = "<group>"; };
		3406CA5593ABE91388B671CF /* Pods_Bell_Twitter_Test.framework */ = {isa = PBXFileReference; explicitFileType = wrapper.framework; includeInIndex = 0; path = Pods_Bell_Twitter_Test.framework; sourceTree = BUILT_PRODUCTS_DIR; };
		5CC5FC3324733972963BA827 /* Pods-Bell-Twitter-TestTests.release.xcconfig */ = {isa = PBXFileReference; includeInIndex = 1; lastKnownFileType = text.xcconfig; name = "Pods-Bell-Twitter-TestTests.release.xcconfig"; path = "Target Support Files/Pods-Bell-Twitter-TestTests/Pods-Bell-Twitter-TestTests.release.xcconfig"; sourceTree = "<group>"; };
		7CB36749916A259029BE9F2F /* Pods-Bell-Twitter-TestUITests.release.xcconfig */ = {isa = PBXFileReference; includeInIndex = 1; lastKnownFileType = text.xcconfig; name = "Pods-Bell-Twitter-TestUITests.release.xcconfig"; path = "Target Support Files/Pods-Bell-Twitter-TestUITests/Pods-Bell-Twitter-TestUITests.release.xcconfig"; sourceTree = "<group>"; };
		99C8ABD724D1DF4060A77C8A /* Pods-Bell-Twitter-Test.debug.xcconfig */ = {isa = PBXFileReference; includeInIndex = 1; lastKnownFileType = text.xcconfig; name = "Pods-Bell-Twitter-Test.debug.xcconfig"; path = "Target Support Files/Pods-Bell-Twitter-Test/Pods-Bell-Twitter-Test.debug.xcconfig"; sourceTree = "<group>"; };
		C017297C790C9F1D40154C9F /* Pods_Bell_Twitter_TestUITests.framework */ = {isa = PBXFileReference; explicitFileType = wrapper.framework; includeInIndex = 0; path = Pods_Bell_Twitter_TestUITests.framework; sourceTree = BUILT_PRODUCTS_DIR; };
		CF2868863B766D419D1232B6 /* Pods-Bell-Twitter-Test.release.xcconfig */ = {isa = PBXFileReference; includeInIndex = 1; lastKnownFileType = text.xcconfig; name = "Pods-Bell-Twitter-Test.release.xcconfig"; path = "Target Support Files/Pods-Bell-Twitter-Test/Pods-Bell-Twitter-Test.release.xcconfig"; sourceTree = "<group>"; };
		DC156D22A1DD4C594D3788DB /* Pods-Bell-Twitter-TestUITests.debug.xcconfig */ = {isa = PBXFileReference; includeInIndex = 1; lastKnownFileType = text.xcconfig; name = "Pods-Bell-Twitter-TestUITests.debug.xcconfig"; path = "Target Support Files/Pods-Bell-Twitter-TestUITests/Pods-Bell-Twitter-TestUITests.debug.xcconfig"; sourceTree = "<group>"; };
		DDDC7ACC9FABD030B4BCAFD9 /* Pods_Bell_Twitter_TestTests.framework */ = {isa = PBXFileReference; explicitFileType = wrapper.framework; includeInIndex = 0; path = Pods_Bell_Twitter_TestTests.framework; sourceTree = BUILT_PRODUCTS_DIR; };
/* End PBXFileReference section */

/* Begin PBXFrameworksBuildPhase section */
		198249BE233F258700A3244B /* Frameworks */ = {
			isa = PBXFrameworksBuildPhase;
			buildActionMask = 2147483647;
			files = (
				C492E95F0FC88F483F07D4B4 /* Pods_Bell_Twitter_Test.framework in Frameworks */,
			);
			runOnlyForDeploymentPostprocessing = 0;
		};
		198249D2233F258900A3244B /* Frameworks */ = {
			isa = PBXFrameworksBuildPhase;
			buildActionMask = 2147483647;
			files = (
				1B9EB3FB579DF74B161FC17C /* Pods_Bell_Twitter_TestTests.framework in Frameworks */,
			);
			runOnlyForDeploymentPostprocessing = 0;
		};
		198249DD233F258900A3244B /* Frameworks */ = {
			isa = PBXFrameworksBuildPhase;
			buildActionMask = 2147483647;
			files = (
				DD07651D811F7062FF70A499 /* Pods_Bell_Twitter_TestUITests.framework in Frameworks */,
			);
			runOnlyForDeploymentPostprocessing = 0;
		};
/* End PBXFrameworksBuildPhase section */

/* Begin PBXGroup section */
		198249B8233F258700A3244B = {
			isa = PBXGroup;
			children = (
				198249C3233F258700A3244B /* Bell-Twitter-Test */,
				198249D8233F258900A3244B /* Bell-Twitter-TestTests */,
				198249E3233F258900A3244B /* Bell-Twitter-TestUITests */,
				198249C2233F258700A3244B /* Products */,
				CCE991C23A53826858F7E263 /* Pods */,
				9B78CDB569EAE54A1C0DB8EB /* Frameworks */,
			);
			sourceTree = "<group>";
		};
		198249C2233F258700A3244B /* Products */ = {
			isa = PBXGroup;
			children = (
				198249C1233F258700A3244B /* Bell-Twitter-Test.app */,
				198249D5233F258900A3244B /* Bell-Twitter-TestTests.xctest */,
				198249E0233F258900A3244B /* Bell-Twitter-TestUITests.xctest */,
			);
			name = Products;
			sourceTree = "<group>";
		};
		198249C3233F258700A3244B /* Bell-Twitter-Test */ = {
			isa = PBXGroup;
			children = (
				19824A1A23406D5B00A3244B /* UIComponents */,
				198249F6233F2BBE00A3244B /* Core */,
				198249F4233F2B9900A3244B /* Shared */,
				198249F8233F2BD900A3244B /* Models */,
				198249F3233F2B8F00A3244B /* Extensions */,
				198249F5233F2BA000A3244B /* Modules */,
				198249F9233F2C4600A3244B /* Storyboards */,
				198249F2233F29F100A3244B /* AppDelegate */,
				198249F7233F2BC600A3244B /* Resources */,
				198249D0233F258900A3244B /* Info.plist */,
			);
			path = "Bell-Twitter-Test";
			sourceTree = "<group>";
		};
		198249D8233F258900A3244B /* Bell-Twitter-TestTests */ = {
			isa = PBXGroup;
			children = (
				19824A74234216D700A3244B /* TweetDetailsViewTests.swift */,
				19824A72234215CF00A3244B /* TweetsMapViewTests.swift */,
				19824A4C2342084D00A3244B /* TweetsListViewTests.swift */,
				198249DB233F258900A3244B /* Info.plist */,
			);
			path = "Bell-Twitter-TestTests";
			sourceTree = "<group>";
		};
		198249E3233F258900A3244B /* Bell-Twitter-TestUITests */ = {
			isa = PBXGroup;
			children = (
				198249E4233F258900A3244B /* Bell_Twitter_TestUITests.swift */,
				198249E6233F258900A3244B /* Info.plist */,
			);
			path = "Bell-Twitter-TestUITests";
			sourceTree = "<group>";
		};
		198249F2233F29F100A3244B /* AppDelegate */ = {
			isa = PBXGroup;
			children = (
				198249C4233F258700A3244B /* AppDelegate.swift */,
			);
			path = AppDelegate;
			sourceTree = "<group>";
		};
		198249F3233F2B8F00A3244B /* Extensions */ = {
			isa = PBXGroup;
			children = (
				19824A0F233F3E1A00A3244B /* Strings.swift */,
				19824A11233F3E5600A3244B /* Data.swift */,
				19824A272340770100A3244B /* UIViewController.swift */,
				19824A372341370000A3244B /* UITableView.swift */,
				19824A412341389600A3244B /* UIImageView.swift */,
				19824A43234138C300A3244B /* UIView.swift */,
			);
			path = Extensions;
			sourceTree = "<group>";
		};
		198249F4233F2B9900A3244B /* Shared */ = {
			isa = PBXGroup;
			children = (
				19824A39234137C400A3244B /* Cells */,
				19824A2B234078B200A3244B /* Defaults */,
				19824A242340749B00A3244B /* Protocols */,
				19824A0C233F3D5000A3244B /* LocationManager */,
				198249FA233F2CDA00A3244B /* Constants */,
			);
			path = Shared;
			sourceTree = "<group>";
		};
		198249F5233F2BA000A3244B /* Modules */ = {
			isa = PBXGroup;
			children = (
				19D552DB2347B5D100B9BD58 /* TweetsDetailViewModule */,
				19D552BD2346FE0B00B9BD58 /* TweetsListViewModule */,
				19D552992346E28400B9BD58 /* TweetsMapViewModule */,
			);
			path = Modules;
			sourceTree = "<group>";
		};
		198249F6233F2BBE00A3244B /* Core */ = {
			isa = PBXGroup;
			children = (
				198249FD233F3AD200A3244B /* APIManager */,
			);
			path = Core;
			sourceTree = "<group>";
		};
		198249F7233F2BC600A3244B /* Resources */ = {
			isa = PBXGroup;
			children = (
				19824A5223420E1C00A3244B /* json */,
				198249CB233F258900A3244B /* Assets.xcassets */,
			);
			path = Resources;
			sourceTree = "<group>";
		};
		198249F8233F2BD900A3244B /* Models */ = {
			isa = PBXGroup;
			children = (
				19824A06233F3CCC00A3244B /* Tweet.swift */,
				19824A08233F3CE800A3244B /* Place.swift */,
				19824A0A233F3D2000A3244B /* BoundingBox.swift */,
			);
			path = Models;
			sourceTree = "<group>";
		};
		198249F9233F2C4600A3244B /* Storyboards */ = {
			isa = PBXGroup;
			children = (
				198249CD233F258900A3244B /* LaunchScreen.storyboard */,
			);
			path = Storyboards;
			sourceTree = "<group>";
		};
		198249FA233F2CDA00A3244B /* Constants */ = {
			isa = PBXGroup;
			children = (
				198249FB233F2CFF00A3244B /* Constant.swift */,
			);
			path = Constants;
			sourceTree = "<group>";
		};
		198249FD233F3AD200A3244B /* APIManager */ = {
			isa = PBXGroup;
			children = (
				19824A00233F3BA400A3244B /* APIPaths.swift */,
				19824A02233F3BE500A3244B /* APIManager.swift */,
				19824A04233F3C8800A3244B /* TweetsResponse.swift */,
			);
			path = APIManager;
			sourceTree = "<group>";
		};
		19824A0C233F3D5000A3244B /* LocationManager */ = {
			isa = PBXGroup;
			children = (
				19824A0D233F3D6800A3244B /* LocationManager.swift */,
			);
			path = LocationManager;
			sourceTree = "<group>";
		};
		19824A1A23406D5B00A3244B /* UIComponents */ = {
			isa = PBXGroup;
			children = (
				19824A1C23406E2400A3244B /* BaseViewController */,
			);
			path = UIComponents;
			sourceTree = "<group>";
		};
		19824A1C23406E2400A3244B /* BaseViewController */ = {
			isa = PBXGroup;
			children = (
				198249C6233F258700A3244B /* BaseViewController.swift */,
				19824A3523412E9300A3244B /* Base.storyboard */,
			);
			path = BaseViewController;
			sourceTree = "<group>";
		};
		19824A242340749B00A3244B /* Protocols */ = {
			isa = PBXGroup;
			children = (
				19824A25234074B900A3244B /* TweetsProtocol.swift */,
				19824A292340787600A3244B /* Localizable.swift */,
				19824A45234138FC00A3244B /* ConfigureCell.swift */,
			);
			path = Protocols;
			sourceTree = "<group>";
		};
		19824A2B234078B200A3244B /* Defaults */ = {
			isa = PBXGroup;
			children = (
				19824A2C234078CE00A3244B /* Defaults.swift */,
			);
			path = Defaults;
			sourceTree = "<group>";
		};
		19824A39234137C400A3244B /* Cells */ = {
			isa = PBXGroup;
			children = (
				19824A3A234137CC00A3244B /* TweetsCell */,
			);
			path = Cells;
			sourceTree = "<group>";
		};
		19824A3A234137CC00A3244B /* TweetsCell */ = {
			isa = PBXGroup;
			children = (
				19824A3D2341380600A3244B /* TweetsTableViewCell.swift */,
				19824A3E2341380600A3244B /* TweetsTableViewCell.xib */,
			);
			path = TweetsCell;
			sourceTree = "<group>";
		};
		19824A5223420E1C00A3244B /* json */ = {
			isa = PBXGroup;
			children = (
				19824A5423420E2E00A3244B /* statuses.json */,
			);
			path = json;
			sourceTree = "<group>";
		};
		19D552992346E28400B9BD58 /* TweetsMapViewModule */ = {
			isa = PBXGroup;
			children = (
				19D5529E2346E2DC00B9BD58 /* Wireframe */,
				19D5529D2346E2D600B9BD58 /* View */,
				19D5529C2346E2C300B9BD58 /* Interactor */,
				19D5529B2346E2A200B9BD58 /* Protocols */,
				19D5529A2346E29600B9BD58 /* Presenter */,
			);
			path = TweetsMapViewModule;
			sourceTree = "<group>";
		};
		19D5529A2346E29600B9BD58 /* Presenter */ = {
			isa = PBXGroup;
			children = (
				19D552A12346E44500B9BD58 /* TweetMapPresenter.swift */,
			);
			path = Presenter;
			sourceTree = "<group>";
		};
		19D5529B2346E2A200B9BD58 /* Protocols */ = {
			isa = PBXGroup;
			children = (
				19D5529F2346E32900B9BD58 /* TweetsMapProtocols.swift */,
			);
			path = Protocols;
			sourceTree = "<group>";
		};
		19D5529C2346E2C300B9BD58 /* Interactor */ = {
			isa = PBXGroup;
			children = (
				19D552A32346EA6100B9BD58 /* TweetsMapInteractor.swift */,
			);
			path = Interactor;
			sourceTree = "<group>";
		};
		19D5529D2346E2D600B9BD58 /* View */ = {
			isa = PBXGroup;
			children = (
				19D552A52346EC6E00B9BD58 /* TweetMapView.swift */,
				19D552A92346EF2700B9BD58 /* TweetMap.storyboard */,
			);
			path = View;
			sourceTree = "<group>";
		};
		19D5529E2346E2DC00B9BD58 /* Wireframe */ = {
			isa = PBXGroup;
			children = (
				19D552A72346EE9300B9BD58 /* TweetMapWireFrame.swift */,
			);
			path = Wireframe;
			sourceTree = "<group>";
		};
		19D552BD2346FE0B00B9BD58 /* TweetsListViewModule */ = {
			isa = PBXGroup;
			children = (
				19D552BE2346FE0B00B9BD58 /* Presenter */,
				19D552C02346FE0B00B9BD58 /* Wireframe */,
				19D552C22346FE0B00B9BD58 /* View */,
				19D552C52346FE0B00B9BD58 /* Protocols */,
				19D552C72346FE0B00B9BD58 /* Interactor */,
			);
			path = TweetsListViewModule;
			sourceTree = "<group>";
		};
		19D552BE2346FE0B00B9BD58 /* Presenter */ = {
			isa = PBXGroup;
			children = (
				19D552D12346FF0400B9BD58 /* TweetListPresenter.swift */,
			);
			path = Presenter;
			sourceTree = "<group>";
		};
		19D552C02346FE0B00B9BD58 /* Wireframe */ = {
			isa = PBXGroup;
			children = (
				19D552D9234701CD00B9BD58 /* TweetListWireFrame.swift */,
			);
			path = Wireframe;
			sourceTree = "<group>";
		};
		19D552C22346FE0B00B9BD58 /* View */ = {
			isa = PBXGroup;
			children = (
				19D552D52347006900B9BD58 /* TweetList.storyboard */,
				19D552D62347006900B9BD58 /* TweetListView.swift */,
			);
			path = View;
			sourceTree = "<group>";
		};
		19D552C52346FE0B00B9BD58 /* Protocols */ = {
			isa = PBXGroup;
			children = (
				19D552CF2346FE4500B9BD58 /* TweetsListProtocols.swift */,
			);
			path = Protocols;
			sourceTree = "<group>";
		};
		19D552C72346FE0B00B9BD58 /* Interactor */ = {
			isa = PBXGroup;
			children = (
				19D552D32346FFE600B9BD58 /* TweetsListInteractor.swift */,
			);
			path = Interactor;
			sourceTree = "<group>";
		};
		19D552DB2347B5D100B9BD58 /* TweetsDetailViewModule */ = {
			isa = PBXGroup;
			children = (
				19D552E02347B65300B9BD58 /* Presenter */,
				19D552E52347B65300B9BD58 /* Protocols */,
				19D552E22347B65300B9BD58 /* View */,
				19D552DC2347B65300B9BD58 /* Wireframe */,
			);
			path = TweetsDetailViewModule;
			sourceTree = "<group>";
		};
		19D552DC2347B65300B9BD58 /* Wireframe */ = {
			isa = PBXGroup;
			children = (
				19D552DD2347B65300B9BD58 /* TweetsDetailsWireFrame.swift */,
			);
			path = Wireframe;
			sourceTree = "<group>";
		};
		19D552E02347B65300B9BD58 /* Presenter */ = {
			isa = PBXGroup;
			children = (
				19D552E12347B65300B9BD58 /* TweetsDetailsPresenter.swift */,
			);
			path = Presenter;
			sourceTree = "<group>";
		};
		19D552E22347B65300B9BD58 /* View */ = {
			isa = PBXGroup;
			children = (
				19D552E32347B65300B9BD58 /* TweetsDetailsView.swift */,
				19D552E42347B65300B9BD58 /* TweetsDetails.storyboard */,
			);
			path = View;
			sourceTree = "<group>";
		};
		19D552E52347B65300B9BD58 /* Protocols */ = {
			isa = PBXGroup;
			children = (
				19D552E62347B65300B9BD58 /* TweetsDetailsProtocols.swift */,
			);
			path = Protocols;
			sourceTree = "<group>";
		};
		9B78CDB569EAE54A1C0DB8EB /* Frameworks */ = {
			isa = PBXGroup;
			children = (
				3406CA5593ABE91388B671CF /* Pods_Bell_Twitter_Test.framework */,
				DDDC7ACC9FABD030B4BCAFD9 /* Pods_Bell_Twitter_TestTests.framework */,
				C017297C790C9F1D40154C9F /* Pods_Bell_Twitter_TestUITests.framework */,
			);
			name = Frameworks;
			sourceTree = "<group>";
		};
		CCE991C23A53826858F7E263 /* Pods */ = {
			isa = PBXGroup;
			children = (
				99C8ABD724D1DF4060A77C8A /* Pods-Bell-Twitter-Test.debug.xcconfig */,
				CF2868863B766D419D1232B6 /* Pods-Bell-Twitter-Test.release.xcconfig */,
				2BF302F5BEB923B86939132A /* Pods-Bell-Twitter-TestTests.debug.xcconfig */,
				5CC5FC3324733972963BA827 /* Pods-Bell-Twitter-TestTests.release.xcconfig */,
				DC156D22A1DD4C594D3788DB /* Pods-Bell-Twitter-TestUITests.debug.xcconfig */,
				7CB36749916A259029BE9F2F /* Pods-Bell-Twitter-TestUITests.release.xcconfig */,
			);
			path = Pods;
			sourceTree = "<group>";
		};
/* End PBXGroup section */

/* Begin PBXNativeTarget section */
		198249C0233F258700A3244B /* Bell-Twitter-Test */ = {
			isa = PBXNativeTarget;
			buildConfigurationList = 198249E9233F258900A3244B /* Build configuration list for PBXNativeTarget "Bell-Twitter-Test" */;
			buildPhases = (
				5541877C1C53C86A70E694DB /* [CP] Check Pods Manifest.lock */,
				198249BD233F258700A3244B /* Sources */,
				198249BE233F258700A3244B /* Frameworks */,
				198249BF233F258700A3244B /* Resources */,
				2FDBBFFE7E2CBC180015082A /* [CP] Embed Pods Frameworks */,
				80C0CE0A176F2E587A51C859 /* [CP] Copy Pods Resources */,
			);
			buildRules = (
			);
			dependencies = (
			);
			name = "Bell-Twitter-Test";
			productName = "Bell-Twitter-Test";
			productReference = 198249C1233F258700A3244B /* Bell-Twitter-Test.app */;
			productType = "com.apple.product-type.application";
		};
		198249D4233F258900A3244B /* Bell-Twitter-TestTests */ = {
			isa = PBXNativeTarget;
			buildConfigurationList = 198249EC233F258900A3244B /* Build configuration list for PBXNativeTarget "Bell-Twitter-TestTests" */;
			buildPhases = (
				C93897854F59D6532EA5DFEC /* [CP] Check Pods Manifest.lock */,
				198249D1233F258900A3244B /* Sources */,
				198249D2233F258900A3244B /* Frameworks */,
				198249D3233F258900A3244B /* Resources */,
				1E3DAE5AA8F4086A8CB6390C /* [CP] Embed Pods Frameworks */,
				4D018C313E150085D32F34ED /* [CP] Copy Pods Resources */,
			);
			buildRules = (
			);
			dependencies = (
				198249D7233F258900A3244B /* PBXTargetDependency */,
			);
			name = "Bell-Twitter-TestTests";
			productName = "Bell-Twitter-TestTests";
			productReference = 198249D5233F258900A3244B /* Bell-Twitter-TestTests.xctest */;
			productType = "com.apple.product-type.bundle.unit-test";
		};
		198249DF233F258900A3244B /* Bell-Twitter-TestUITests */ = {
			isa = PBXNativeTarget;
			buildConfigurationList = 198249EF233F258900A3244B /* Build configuration list for PBXNativeTarget "Bell-Twitter-TestUITests" */;
			buildPhases = (
				941D2B50717E819D305F8ACA /* [CP] Check Pods Manifest.lock */,
				198249DC233F258900A3244B /* Sources */,
				198249DD233F258900A3244B /* Frameworks */,
				198249DE233F258900A3244B /* Resources */,
			);
			buildRules = (
			);
			dependencies = (
				198249E2233F258900A3244B /* PBXTargetDependency */,
			);
			name = "Bell-Twitter-TestUITests";
			productName = "Bell-Twitter-TestUITests";
			productReference = 198249E0233F258900A3244B /* Bell-Twitter-TestUITests.xctest */;
			productType = "com.apple.product-type.bundle.ui-testing";
		};
/* End PBXNativeTarget section */

/* Begin PBXProject section */
		198249B9233F258700A3244B /* Project object */ = {
			isa = PBXProject;
			attributes = {
				LastSwiftUpdateCheck = 1030;
				LastUpgradeCheck = 1030;
				ORGANIZATIONNAME = "Jignesh Rajodiya";
				TargetAttributes = {
					198249C0233F258700A3244B = {
						CreatedOnToolsVersion = 10.3;
					};
					198249D4233F258900A3244B = {
						CreatedOnToolsVersion = 10.3;
						TestTargetID = 198249C0233F258700A3244B;
					};
					198249DF233F258900A3244B = {
						CreatedOnToolsVersion = 10.3;
						TestTargetID = 198249C0233F258700A3244B;
					};
				};
			};
			buildConfigurationList = 198249BC233F258700A3244B /* Build configuration list for PBXProject "Bell-Twitter-Test" */;
			compatibilityVersion = "Xcode 9.3";
			developmentRegion = en;
			hasScannedForEncodings = 0;
			knownRegions = (
				en,
				Base,
			);
			mainGroup = 198249B8233F258700A3244B;
			productRefGroup = 198249C2233F258700A3244B /* Products */;
			projectDirPath = "";
			projectRoot = "";
			targets = (
				198249C0233F258700A3244B /* Bell-Twitter-Test */,
				198249D4233F258900A3244B /* Bell-Twitter-TestTests */,
				198249DF233F258900A3244B /* Bell-Twitter-TestUITests */,
			);
		};
/* End PBXProject section */

/* Begin PBXResourcesBuildPhase section */
		198249BF233F258700A3244B /* Resources */ = {
			isa = PBXResourcesBuildPhase;
			buildActionMask = 2147483647;
			files = (
				19824A5523420E2E00A3244B /* statuses.json in Resources */,
				19D552EB2347B65300B9BD58 /* TweetsDetails.storyboard in Resources */,
				19D552D72347006900B9BD58 /* TweetList.storyboard in Resources */,
				19824A402341380600A3244B /* TweetsTableViewCell.xib in Resources */,
				198249CF233F258900A3244B /* LaunchScreen.storyboard in Resources */,
				19824A3623412E9300A3244B /* Base.storyboard in Resources */,
				19D552AA2346EF2700B9BD58 /* TweetMap.storyboard in Resources */,
				198249CC233F258900A3244B /* Assets.xcassets in Resources */,
			);
			runOnlyForDeploymentPostprocessing = 0;
		};
		198249D3233F258900A3244B /* Resources */ = {
			isa = PBXResourcesBuildPhase;
			buildActionMask = 2147483647;
			files = (
				19824A7023420FB200A3244B /* TweetsTableViewCell.xib in Resources */,
				19824A5623420E2E00A3244B /* statuses.json in Resources */,
				19824A6A23420F8A00A3244B /* Base.storyboard in Resources */,
			);
			runOnlyForDeploymentPostprocessing = 0;
		};
		198249DE233F258900A3244B /* Resources */ = {
			isa = PBXResourcesBuildPhase;
			buildActionMask = 2147483647;
			files = (
			);
			runOnlyForDeploymentPostprocessing = 0;
		};
/* End PBXResourcesBuildPhase section */

/* Begin PBXShellScriptBuildPhase section */
		1E3DAE5AA8F4086A8CB6390C /* [CP] Embed Pods Frameworks */ = {
			isa = PBXShellScriptBuildPhase;
			buildActionMask = 2147483647;
			files = (
			);
			inputFileListPaths = (
				"${PODS_ROOT}/Target Support Files/Pods-Bell-Twitter-TestTests/Pods-Bell-Twitter-TestTests-frameworks-${CONFIGURATION}-input-files.xcfilelist",
			);
			name = "[CP] Embed Pods Frameworks";
			outputFileListPaths = (
				"${PODS_ROOT}/Target Support Files/Pods-Bell-Twitter-TestTests/Pods-Bell-Twitter-TestTests-frameworks-${CONFIGURATION}-output-files.xcfilelist",
			);
			runOnlyForDeploymentPostprocessing = 0;
			shellPath = /bin/sh;
			shellScript = "\"${PODS_ROOT}/Target Support Files/Pods-Bell-Twitter-TestTests/Pods-Bell-Twitter-TestTests-frameworks.sh\"\n";
			showEnvVarsInLog = 0;
		};
		2FDBBFFE7E2CBC180015082A /* [CP] Embed Pods Frameworks */ = {
			isa = PBXShellScriptBuildPhase;
			buildActionMask = 2147483647;
			files = (
			);
			inputFileListPaths = (
				"${PODS_ROOT}/Target Support Files/Pods-Bell-Twitter-Test/Pods-Bell-Twitter-Test-frameworks-${CONFIGURATION}-input-files.xcfilelist",
			);
			name = "[CP] Embed Pods Frameworks";
			outputFileListPaths = (
				"${PODS_ROOT}/Target Support Files/Pods-Bell-Twitter-Test/Pods-Bell-Twitter-Test-frameworks-${CONFIGURATION}-output-files.xcfilelist",
			);
			runOnlyForDeploymentPostprocessing = 0;
			shellPath = /bin/sh;
			shellScript = "\"${PODS_ROOT}/Target Support Files/Pods-Bell-Twitter-Test/Pods-Bell-Twitter-Test-frameworks.sh\"\n";
			showEnvVarsInLog = 0;
		};
		4D018C313E150085D32F34ED /* [CP] Copy Pods Resources */ = {
			isa = PBXShellScriptBuildPhase;
			buildActionMask = 2147483647;
			files = (
			);
			inputFileListPaths = (
				"${PODS_ROOT}/Target Support Files/Pods-Bell-Twitter-TestTests/Pods-Bell-Twitter-TestTests-resources-${CONFIGURATION}-input-files.xcfilelist",
			);
			name = "[CP] Copy Pods Resources";
			outputFileListPaths = (
				"${PODS_ROOT}/Target Support Files/Pods-Bell-Twitter-TestTests/Pods-Bell-Twitter-TestTests-resources-${CONFIGURATION}-output-files.xcfilelist",
			);
			runOnlyForDeploymentPostprocessing = 0;
			shellPath = /bin/sh;
			shellScript = "\"${PODS_ROOT}/Target Support Files/Pods-Bell-Twitter-TestTests/Pods-Bell-Twitter-TestTests-resources.sh\"\n";
			showEnvVarsInLog = 0;
		};
		5541877C1C53C86A70E694DB /* [CP] Check Pods Manifest.lock */ = {
			isa = PBXShellScriptBuildPhase;
			buildActionMask = 2147483647;
			files = (
			);
			inputFileListPaths = (
			);
			inputPaths = (
				"${PODS_PODFILE_DIR_PATH}/Podfile.lock",
				"${PODS_ROOT}/Manifest.lock",
			);
			name = "[CP] Check Pods Manifest.lock";
			outputFileListPaths = (
			);
			outputPaths = (
				"$(DERIVED_FILE_DIR)/Pods-Bell-Twitter-Test-checkManifestLockResult.txt",
			);
			runOnlyForDeploymentPostprocessing = 0;
			shellPath = /bin/sh;
			shellScript = "diff \"${PODS_PODFILE_DIR_PATH}/Podfile.lock\" \"${PODS_ROOT}/Manifest.lock\" > /dev/null\nif [ $? != 0 ] ; then\n    # print error to STDERR\n    echo \"error: The sandbox is not in sync with the Podfile.lock. Run 'pod install' or update your CocoaPods installation.\" >&2\n    exit 1\nfi\n# This output is used by Xcode 'outputs' to avoid re-running this script phase.\necho \"SUCCESS\" > \"${SCRIPT_OUTPUT_FILE_0}\"\n";
			showEnvVarsInLog = 0;
		};
		80C0CE0A176F2E587A51C859 /* [CP] Copy Pods Resources */ = {
			isa = PBXShellScriptBuildPhase;
			buildActionMask = 2147483647;
			files = (
			);
			inputFileListPaths = (
				"${PODS_ROOT}/Target Support Files/Pods-Bell-Twitter-Test/Pods-Bell-Twitter-Test-resources-${CONFIGURATION}-input-files.xcfilelist",
			);
			name = "[CP] Copy Pods Resources";
			outputFileListPaths = (
				"${PODS_ROOT}/Target Support Files/Pods-Bell-Twitter-Test/Pods-Bell-Twitter-Test-resources-${CONFIGURATION}-output-files.xcfilelist",
			);
			runOnlyForDeploymentPostprocessing = 0;
			shellPath = /bin/sh;
			shellScript = "\"${PODS_ROOT}/Target Support Files/Pods-Bell-Twitter-Test/Pods-Bell-Twitter-Test-resources.sh\"\n";
			showEnvVarsInLog = 0;
		};
		941D2B50717E819D305F8ACA /* [CP] Check Pods Manifest.lock */ = {
			isa = PBXShellScriptBuildPhase;
			buildActionMask = 2147483647;
			files = (
			);
			inputFileListPaths = (
			);
			inputPaths = (
				"${PODS_PODFILE_DIR_PATH}/Podfile.lock",
				"${PODS_ROOT}/Manifest.lock",
			);
			name = "[CP] Check Pods Manifest.lock";
			outputFileListPaths = (
			);
			outputPaths = (
				"$(DERIVED_FILE_DIR)/Pods-Bell-Twitter-TestUITests-checkManifestLockResult.txt",
			);
			runOnlyForDeploymentPostprocessing = 0;
			shellPath = /bin/sh;
			shellScript = "diff \"${PODS_PODFILE_DIR_PATH}/Podfile.lock\" \"${PODS_ROOT}/Manifest.lock\" > /dev/null\nif [ $? != 0 ] ; then\n    # print error to STDERR\n    echo \"error: The sandbox is not in sync with the Podfile.lock. Run 'pod install' or update your CocoaPods installation.\" >&2\n    exit 1\nfi\n# This output is used by Xcode 'outputs' to avoid re-running this script phase.\necho \"SUCCESS\" > \"${SCRIPT_OUTPUT_FILE_0}\"\n";
			showEnvVarsInLog = 0;
		};
		C93897854F59D6532EA5DFEC /* [CP] Check Pods Manifest.lock */ = {
			isa = PBXShellScriptBuildPhase;
			buildActionMask = 2147483647;
			files = (
			);
			inputFileListPaths = (
			);
			inputPaths = (
				"${PODS_PODFILE_DIR_PATH}/Podfile.lock",
				"${PODS_ROOT}/Manifest.lock",
			);
			name = "[CP] Check Pods Manifest.lock";
			outputFileListPaths = (
			);
			outputPaths = (
				"$(DERIVED_FILE_DIR)/Pods-Bell-Twitter-TestTests-checkManifestLockResult.txt",
			);
			runOnlyForDeploymentPostprocessing = 0;
			shellPath = /bin/sh;
			shellScript = "diff \"${PODS_PODFILE_DIR_PATH}/Podfile.lock\" \"${PODS_ROOT}/Manifest.lock\" > /dev/null\nif [ $? != 0 ] ; then\n    # print error to STDERR\n    echo \"error: The sandbox is not in sync with the Podfile.lock. Run 'pod install' or update your CocoaPods installation.\" >&2\n    exit 1\nfi\n# This output is used by Xcode 'outputs' to avoid re-running this script phase.\necho \"SUCCESS\" > \"${SCRIPT_OUTPUT_FILE_0}\"\n";
			showEnvVarsInLog = 0;
		};
/* End PBXShellScriptBuildPhase section */

/* Begin PBXSourcesBuildPhase section */
		198249BD233F258700A3244B /* Sources */ = {
			isa = PBXSourcesBuildPhase;
			buildActionMask = 2147483647;
			files = (
				19824A03233F3BE500A3244B /* APIManager.swift in Sources */,
				19D552A22346E44500B9BD58 /* TweetMapPresenter.swift in Sources */,
				19824A26234074B900A3244B /* TweetsProtocol.swift in Sources */,
				19D552D02346FE4500B9BD58 /* TweetsListProtocols.swift in Sources */,
				198249C7233F258700A3244B /* BaseViewController.swift in Sources */,
				19D552A62346EC6E00B9BD58 /* TweetMapView.swift in Sources */,
				19D552E72347B65300B9BD58 /* TweetsDetailsWireFrame.swift in Sources */,
				198249C5233F258700A3244B /* AppDelegate.swift in Sources */,
				19824A0E233F3D6800A3244B /* LocationManager.swift in Sources */,
				19824A2A2340787600A3244B /* Localizable.swift in Sources */,
				19D552D22346FF0400B9BD58 /* TweetListPresenter.swift in Sources */,
				19824A01233F3BA400A3244B /* APIPaths.swift in Sources */,
				19D552EC2347B65300B9BD58 /* TweetsDetailsProtocols.swift in Sources */,
				19D552EA2347B65300B9BD58 /* TweetsDetailsView.swift in Sources */,
				19824A0B233F3D2000A3244B /* BoundingBox.swift in Sources */,
				19824A2D234078CE00A3244B /* Defaults.swift in Sources */,
				198249FC233F2CFF00A3244B /* Constant.swift in Sources */,
				19824A12233F3E5600A3244B /* Data.swift in Sources */,
				19D552A02346E32900B9BD58 /* TweetsMapProtocols.swift in Sources */,
				19D552E92347B65300B9BD58 /* TweetsDetailsPresenter.swift in Sources */,
				19824A09233F3CE800A3244B /* Place.swift in Sources */,
				19824A3F2341380600A3244B /* TweetsTableViewCell.swift in Sources */,
				19824A44234138C300A3244B /* UIView.swift in Sources */,
				19D552A82346EE9300B9BD58 /* TweetMapWireFrame.swift in Sources */,
				19824A05233F3C8800A3244B /* TweetsResponse.swift in Sources */,
				19824A10233F3E1A00A3244B /* Strings.swift in Sources */,
				19D552D42346FFE600B9BD58 /* TweetsListInteractor.swift in Sources */,
				19824A07233F3CCC00A3244B /* Tweet.swift in Sources */,
				19824A46234138FC00A3244B /* ConfigureCell.swift in Sources */,
				19D552D82347006900B9BD58 /* TweetListView.swift in Sources */,
				19824A422341389600A3244B /* UIImageView.swift in Sources */,
				19D552A42346EA6100B9BD58 /* TweetsMapInteractor.swift in Sources */,
				19824A282340770100A3244B /* UIViewController.swift in Sources */,
				19D552DA234701CE00B9BD58 /* TweetListWireFrame.swift in Sources */,
				19824A382341370000A3244B /* UITableView.swift in Sources */,
			);
			runOnlyForDeploymentPostprocessing = 0;
		};
		198249D1233F258900A3244B /* Sources */ = {
			isa = PBXSourcesBuildPhase;
			buildActionMask = 2147483647;
			files = (
				19824A5F23420EDD00A3244B /* BoundingBox.swift in Sources */,
				19824A5E23420EC500A3244B /* UIViewController.swift in Sources */,
				19824A6723420F2000A3244B /* Localizable.swift in Sources */,
				19824A5823420E8200A3244B /* ConfigureCell.swift in Sources */,
				19824A73234215CF00A3244B /* TweetsMapViewTests.swift in Sources */,
				19824A5D23420EBB00A3244B /* Place.swift in Sources */,
				19824A6623420F1200A3244B /* APIPaths.swift in Sources */,
				19824A6823420F3400A3244B /* Data.swift in Sources */,
				19824A6323420F0000A3244B /* Strings.swift in Sources */,
				19824A4D2342084E00A3244B /* TweetsListViewTests.swift in Sources */,
				19824A5923420E8800A3244B /* Tweet.swift in Sources */,
				19824A5023420DB800A3244B /* TweetsResponse.swift in Sources */,
				19824A5C23420EB100A3244B /* UITableView.swift in Sources */,
				19824A75234216D700A3244B /* TweetDetailsViewTests.swift in Sources */,
				19824A5723420E7000A3244B /* UIView.swift in Sources */,
				19824A6123420EEA00A3244B /* APIManager.swift in Sources */,
				19824A6223420EF300A3244B /* TweetsProtocol.swift in Sources */,
				19824A5A23420E9600A3244B /* UIImageView.swift in Sources */,
				19824A5123420DE900A3244B /* TweetsTableViewCell.swift in Sources */,
				19824A6923420F8300A3244B /* BaseViewController.swift in Sources */,
				19824A6523420F0A00A3244B /* LocationManager.swift in Sources */,
				19824A6423420F0500A3244B /* Defaults.swift in Sources */,
				19824A4F23420D9F00A3244B /* Constant.swift in Sources */,
			);
			runOnlyForDeploymentPostprocessing = 0;
		};
		198249DC233F258900A3244B /* Sources */ = {
			isa = PBXSourcesBuildPhase;
			buildActionMask = 2147483647;
			files = (
				198249E5233F258900A3244B /* Bell_Twitter_TestUITests.swift in Sources */,
			);
			runOnlyForDeploymentPostprocessing = 0;
		};
/* End PBXSourcesBuildPhase section */

/* Begin PBXTargetDependency section */
		198249D7233F258900A3244B /* PBXTargetDependency */ = {
			isa = PBXTargetDependency;
			target = 198249C0233F258700A3244B /* Bell-Twitter-Test */;
			targetProxy = 198249D6233F258900A3244B /* PBXContainerItemProxy */;
		};
		198249E2233F258900A3244B /* PBXTargetDependency */ = {
			isa = PBXTargetDependency;
			target = 198249C0233F258700A3244B /* Bell-Twitter-Test */;
			targetProxy = 198249E1233F258900A3244B /* PBXContainerItemProxy */;
		};
/* End PBXTargetDependency section */

/* Begin PBXVariantGroup section */
		198249CD233F258900A3244B /* LaunchScreen.storyboard */ = {
			isa = PBXVariantGroup;
			children = (
				198249CE233F258900A3244B /* Base */,
			);
			name = LaunchScreen.storyboard;
			sourceTree = "<group>";
		};
/* End PBXVariantGroup section */

/* Begin XCBuildConfiguration section */
		198249E7233F258900A3244B /* Debug */ = {
			isa = XCBuildConfiguration;
			buildSettings = {
				ALWAYS_SEARCH_USER_PATHS = NO;
				CLANG_ANALYZER_NONNULL = YES;
				CLANG_ANALYZER_NUMBER_OBJECT_CONVERSION = YES_AGGRESSIVE;
				CLANG_CXX_LANGUAGE_STANDARD = "gnu++14";
				CLANG_CXX_LIBRARY = "libc++";
				CLANG_ENABLE_MODULES = YES;
				CLANG_ENABLE_OBJC_ARC = YES;
				CLANG_ENABLE_OBJC_WEAK = YES;
				CLANG_WARN_BLOCK_CAPTURE_AUTORELEASING = YES;
				CLANG_WARN_BOOL_CONVERSION = YES;
				CLANG_WARN_COMMA = YES;
				CLANG_WARN_CONSTANT_CONVERSION = YES;
				CLANG_WARN_DEPRECATED_OBJC_IMPLEMENTATIONS = YES;
				CLANG_WARN_DIRECT_OBJC_ISA_USAGE = YES_ERROR;
				CLANG_WARN_DOCUMENTATION_COMMENTS = YES;
				CLANG_WARN_EMPTY_BODY = YES;
				CLANG_WARN_ENUM_CONVERSION = YES;
				CLANG_WARN_INFINITE_RECURSION = YES;
				CLANG_WARN_INT_CONVERSION = YES;
				CLANG_WARN_NON_LITERAL_NULL_CONVERSION = YES;
				CLANG_WARN_OBJC_IMPLICIT_RETAIN_SELF = YES;
				CLANG_WARN_OBJC_LITERAL_CONVERSION = YES;
				CLANG_WARN_OBJC_ROOT_CLASS = YES_ERROR;
				CLANG_WARN_RANGE_LOOP_ANALYSIS = YES;
				CLANG_WARN_STRICT_PROTOTYPES = YES;
				CLANG_WARN_SUSPICIOUS_MOVE = YES;
				CLANG_WARN_UNGUARDED_AVAILABILITY = YES_AGGRESSIVE;
				CLANG_WARN_UNREACHABLE_CODE = YES;
				CLANG_WARN__DUPLICATE_METHOD_MATCH = YES;
				CODE_SIGN_IDENTITY = "iPhone Developer";
				COPY_PHASE_STRIP = NO;
				DEBUG_INFORMATION_FORMAT = dwarf;
				DEFINES_MODULE = YES;
				ENABLE_STRICT_OBJC_MSGSEND = YES;
				ENABLE_TESTABILITY = YES;
				GCC_C_LANGUAGE_STANDARD = gnu11;
				GCC_DYNAMIC_NO_PIC = NO;
				GCC_NO_COMMON_BLOCKS = YES;
				GCC_OPTIMIZATION_LEVEL = 0;
				GCC_PREPROCESSOR_DEFINITIONS = (
					"DEBUG=1",
					"$(inherited)",
				);
				GCC_WARN_64_TO_32_BIT_CONVERSION = YES;
				GCC_WARN_ABOUT_RETURN_TYPE = YES_ERROR;
				GCC_WARN_UNDECLARED_SELECTOR = YES;
				GCC_WARN_UNINITIALIZED_AUTOS = YES_AGGRESSIVE;
				GCC_WARN_UNUSED_FUNCTION = YES;
				GCC_WARN_UNUSED_VARIABLE = YES;
				IPHONEOS_DEPLOYMENT_TARGET = 12.4;
				MTL_ENABLE_DEBUG_INFO = INCLUDE_SOURCE;
				MTL_FAST_MATH = YES;
				ONLY_ACTIVE_ARCH = YES;
				SDKROOT = iphoneos;
				SWIFT_ACTIVE_COMPILATION_CONDITIONS = DEBUG;
				SWIFT_OPTIMIZATION_LEVEL = "-Onone";
			};
			name = Debug;
		};
		198249E8233F258900A3244B /* Release */ = {
			isa = XCBuildConfiguration;
			buildSettings = {
				ALWAYS_SEARCH_USER_PATHS = NO;
				CLANG_ANALYZER_NONNULL = YES;
				CLANG_ANALYZER_NUMBER_OBJECT_CONVERSION = YES_AGGRESSIVE;
				CLANG_CXX_LANGUAGE_STANDARD = "gnu++14";
				CLANG_CXX_LIBRARY = "libc++";
				CLANG_ENABLE_MODULES = YES;
				CLANG_ENABLE_OBJC_ARC = YES;
				CLANG_ENABLE_OBJC_WEAK = YES;
				CLANG_WARN_BLOCK_CAPTURE_AUTORELEASING = YES;
				CLANG_WARN_BOOL_CONVERSION = YES;
				CLANG_WARN_COMMA = YES;
				CLANG_WARN_CONSTANT_CONVERSION = YES;
				CLANG_WARN_DEPRECATED_OBJC_IMPLEMENTATIONS = YES;
				CLANG_WARN_DIRECT_OBJC_ISA_USAGE = YES_ERROR;
				CLANG_WARN_DOCUMENTATION_COMMENTS = YES;
				CLANG_WARN_EMPTY_BODY = YES;
				CLANG_WARN_ENUM_CONVERSION = YES;
				CLANG_WARN_INFINITE_RECURSION = YES;
				CLANG_WARN_INT_CONVERSION = YES;
				CLANG_WARN_NON_LITERAL_NULL_CONVERSION = YES;
				CLANG_WARN_OBJC_IMPLICIT_RETAIN_SELF = YES;
				CLANG_WARN_OBJC_LITERAL_CONVERSION = YES;
				CLANG_WARN_OBJC_ROOT_CLASS = YES_ERROR;
				CLANG_WARN_RANGE_LOOP_ANALYSIS = YES;
				CLANG_WARN_STRICT_PROTOTYPES = YES;
				CLANG_WARN_SUSPICIOUS_MOVE = YES;
				CLANG_WARN_UNGUARDED_AVAILABILITY = YES_AGGRESSIVE;
				CLANG_WARN_UNREACHABLE_CODE = YES;
				CLANG_WARN__DUPLICATE_METHOD_MATCH = YES;
				CODE_SIGN_IDENTITY = "iPhone Developer";
				COPY_PHASE_STRIP = NO;
				DEBUG_INFORMATION_FORMAT = "dwarf-with-dsym";
				DEFINES_MODULE = YES;
				ENABLE_NS_ASSERTIONS = NO;
				ENABLE_STRICT_OBJC_MSGSEND = YES;
				GCC_C_LANGUAGE_STANDARD = gnu11;
				GCC_NO_COMMON_BLOCKS = YES;
				GCC_WARN_64_TO_32_BIT_CONVERSION = YES;
				GCC_WARN_ABOUT_RETURN_TYPE = YES_ERROR;
				GCC_WARN_UNDECLARED_SELECTOR = YES;
				GCC_WARN_UNINITIALIZED_AUTOS = YES_AGGRESSIVE;
				GCC_WARN_UNUSED_FUNCTION = YES;
				GCC_WARN_UNUSED_VARIABLE = YES;
				IPHONEOS_DEPLOYMENT_TARGET = 12.4;
				MTL_ENABLE_DEBUG_INFO = NO;
				MTL_FAST_MATH = YES;
				SDKROOT = iphoneos;
				SWIFT_COMPILATION_MODE = wholemodule;
				SWIFT_OPTIMIZATION_LEVEL = "-O";
				VALIDATE_PRODUCT = YES;
			};
			name = Release;
		};
		198249EA233F258900A3244B /* Debug */ = {
			isa = XCBuildConfiguration;
			baseConfigurationReference = 99C8ABD724D1DF4060A77C8A /* Pods-Bell-Twitter-Test.debug.xcconfig */;
			buildSettings = {
				ASSETCATALOG_COMPILER_APPICON_NAME = AppIcon;
				CODE_SIGN_STYLE = Automatic;
				DEVELOPMENT_TEAM = ZFF6L7H29C;
				INFOPLIST_FILE = "Bell-Twitter-Test/Info.plist";
				IPHONEOS_DEPLOYMENT_TARGET = 12.0;
				LD_RUNPATH_SEARCH_PATHS = (
					"$(inherited)",
					"@executable_path/Frameworks",
				);
				PRODUCT_BUNDLE_IDENTIFIER = "com.jignesh.Bell-Twitter-Test";
				PRODUCT_NAME = "$(TARGET_NAME)";
				SWIFT_VERSION = 5.0;
				TARGETED_DEVICE_FAMILY = "1,2";
			};
			name = Debug;
		};
		198249EB233F258900A3244B /* Release */ = {
			isa = XCBuildConfiguration;
			baseConfigurationReference = CF2868863B766D419D1232B6 /* Pods-Bell-Twitter-Test.release.xcconfig */;
			buildSettings = {
				ASSETCATALOG_COMPILER_APPICON_NAME = AppIcon;
				CODE_SIGN_STYLE = Automatic;
				DEVELOPMENT_TEAM = ZFF6L7H29C;
				INFOPLIST_FILE = "Bell-Twitter-Test/Info.plist";
				IPHONEOS_DEPLOYMENT_TARGET = 12.0;
				LD_RUNPATH_SEARCH_PATHS = (
					"$(inherited)",
					"@executable_path/Frameworks",
				);
				PRODUCT_BUNDLE_IDENTIFIER = "com.jignesh.Bell-Twitter-Test";
				PRODUCT_NAME = "$(TARGET_NAME)";
				SWIFT_VERSION = 5.0;
				TARGETED_DEVICE_FAMILY = "1,2";
			};
			name = Release;
		};
		198249ED233F258900A3244B /* Debug */ = {
			isa = XCBuildConfiguration;
			baseConfigurationReference = 2BF302F5BEB923B86939132A /* Pods-Bell-Twitter-TestTests.debug.xcconfig */;
			buildSettings = {
				ALWAYS_EMBED_SWIFT_STANDARD_LIBRARIES = YES;
				BUNDLE_LOADER = "$(TEST_HOST)";
				CODE_SIGN_STYLE = Automatic;
				DEVELOPMENT_TEAM = ZFF6L7H29C;
				INFOPLIST_FILE = "Bell-Twitter-TestTests/Info.plist";
				IPHONEOS_DEPLOYMENT_TARGET = 12.0;
				LD_RUNPATH_SEARCH_PATHS = (
					"$(inherited)",
					"@executable_path/Frameworks",
					"@loader_path/Frameworks",
				);
				PRODUCT_BUNDLE_IDENTIFIER = "com.jignesh.Bell-Twitter-TestTests";
				PRODUCT_NAME = "$(TARGET_NAME)";
				SWIFT_VERSION = 5.0;
				TARGETED_DEVICE_FAMILY = "1,2";
				TEST_HOST = "$(BUILT_PRODUCTS_DIR)/Bell-Twitter-Test.app/Bell-Twitter-Test";
			};
			name = Debug;
		};
		198249EE233F258900A3244B /* Release */ = {
			isa = XCBuildConfiguration;
			baseConfigurationReference = 5CC5FC3324733972963BA827 /* Pods-Bell-Twitter-TestTests.release.xcconfig */;
			buildSettings = {
				ALWAYS_EMBED_SWIFT_STANDARD_LIBRARIES = YES;
				BUNDLE_LOADER = "$(TEST_HOST)";
				CODE_SIGN_STYLE = Automatic;
				DEVELOPMENT_TEAM = ZFF6L7H29C;
				INFOPLIST_FILE = "Bell-Twitter-TestTests/Info.plist";
				IPHONEOS_DEPLOYMENT_TARGET = 12.0;
				LD_RUNPATH_SEARCH_PATHS = (
					"$(inherited)",
					"@executable_path/Frameworks",
					"@loader_path/Frameworks",
				);
				PRODUCT_BUNDLE_IDENTIFIER = "com.jignesh.Bell-Twitter-TestTests";
				PRODUCT_NAME = "$(TARGET_NAME)";
				SWIFT_VERSION = 5.0;
				TARGETED_DEVICE_FAMILY = "1,2";
				TEST_HOST = "$(BUILT_PRODUCTS_DIR)/Bell-Twitter-Test.app/Bell-Twitter-Test";
			};
			name = Release;
		};
		198249F0233F258900A3244B /* Debug */ = {
			isa = XCBuildConfiguration;
			baseConfigurationReference = DC156D22A1DD4C594D3788DB /* Pods-Bell-Twitter-TestUITests.debug.xcconfig */;
			buildSettings = {
				ALWAYS_EMBED_SWIFT_STANDARD_LIBRARIES = YES;
				CODE_SIGN_STYLE = Automatic;
				DEVELOPMENT_TEAM = ZFF6L7H29C;
				INFOPLIST_FILE = "Bell-Twitter-TestUITests/Info.plist";
				IPHONEOS_DEPLOYMENT_TARGET = 12.0;
				LD_RUNPATH_SEARCH_PATHS = (
					"$(inherited)",
					"@executable_path/Frameworks",
					"@loader_path/Frameworks",
				);
				PRODUCT_BUNDLE_IDENTIFIER = "com.jignesh.Bell-Twitter-TestUITests";
				PRODUCT_NAME = "$(TARGET_NAME)";
				SWIFT_VERSION = 5.0;
				TARGETED_DEVICE_FAMILY = "1,2";
				TEST_TARGET_NAME = "Bell-Twitter-Test";
			};
			name = Debug;
		};
		198249F1233F258900A3244B /* Release */ = {
			isa = XCBuildConfiguration;
			baseConfigurationReference = 7CB36749916A259029BE9F2F /* Pods-Bell-Twitter-TestUITests.release.xcconfig */;
			buildSettings = {
				ALWAYS_EMBED_SWIFT_STANDARD_LIBRARIES = YES;
				CODE_SIGN_STYLE = Automatic;
				DEVELOPMENT_TEAM = ZFF6L7H29C;
				INFOPLIST_FILE = "Bell-Twitter-TestUITests/Info.plist";
				IPHONEOS_DEPLOYMENT_TARGET = 12.0;
				LD_RUNPATH_SEARCH_PATHS = (
					"$(inherited)",
					"@executable_path/Frameworks",
					"@loader_path/Frameworks",
				);
				PRODUCT_BUNDLE_IDENTIFIER = "com.jignesh.Bell-Twitter-TestUITests";
				PRODUCT_NAME = "$(TARGET_NAME)";
				SWIFT_VERSION = 5.0;
				TARGETED_DEVICE_FAMILY = "1,2";
				TEST_TARGET_NAME = "Bell-Twitter-Test";
			};
			name = Release;
		};
/* End XCBuildConfiguration section */

/* Begin XCConfigurationList section */
		198249BC233F258700A3244B /* Build configuration list for PBXProject "Bell-Twitter-Test" */ = {
			isa = XCConfigurationList;
			buildConfigurations = (
				198249E7233F258900A3244B /* Debug */,
				198249E8233F258900A3244B /* Release */,
			);
			defaultConfigurationIsVisible = 0;
			defaultConfigurationName = Release;
		};
		198249E9233F258900A3244B /* Build configuration list for PBXNativeTarget "Bell-Twitter-Test" */ = {
			isa = XCConfigurationList;
			buildConfigurations = (
				198249EA233F258900A3244B /* Debug */,
				198249EB233F258900A3244B /* Release */,
			);
			defaultConfigurationIsVisible = 0;
			defaultConfigurationName = Release;
		};
		198249EC233F258900A3244B /* Build configuration list for PBXNativeTarget "Bell-Twitter-TestTests" */ = {
			isa = XCConfigurationList;
			buildConfigurations = (
				198249ED233F258900A3244B /* Debug */,
				198249EE233F258900A3244B /* Release */,
			);
			defaultConfigurationIsVisible = 0;
			defaultConfigurationName = Release;
		};
		198249EF233F258900A3244B /* Build configuration list for PBXNativeTarget "Bell-Twitter-TestUITests" */ = {
			isa = XCConfigurationList;
			buildConfigurations = (
				198249F0233F258900A3244B /* Debug */,
				198249F1233F258900A3244B /* Release */,
			);
			defaultConfigurationIsVisible = 0;
			defaultConfigurationName = Release;
		};
/* End XCConfigurationList section */
	};
	rootObject = 198249B9233F258700A3244B /* Project object */;
}
